
Microsoft Visual Studio Solution File, Format Version 12.00
# Visual Studio Version 17
VisualStudioVersion = 17.0.31912.275
MinimumVisualStudioVersion = 10.0.40219.1
Project("{9A19103F-16F7-4668-BE54-9A1E7A4F7556}") = "Shared", "src\Shared\Shared.csproj", "{99507BA0-BB0B-3FD9-D8E2-2AE9B409CB73}"
EndProject
Project("{9A19103F-16F7-4668-BE54-9A1E7A4F7556}") = "OrderSvc.Domain", "src\OrderSvc\Domain\OrderSvc.Domain.csproj", "{11111111-1111-1111-1111-111111111111}"
EndProject
Project("{9A19103F-16F7-4668-BE54-9A1E7A4F7556}") = "OrderSvc.Application", "src\OrderSvc\Application\OrderSvc.Application.csproj", "{11111111-1111-1111-1111-111111111112}"
EndProject
Project("{9A19103F-16F7-4668-BE54-9A1E7A4F7556}") = "OrderSvc.Infrastructure", "src\OrderSvc\Infrastructure\OrderSvc.Infrastructure.csproj", "{11111111-1111-1111-1111-111111111113}"
EndProject
Project("{9A19103F-16F7-4668-BE54-9A1E7A4F7556}") = "OrderSvc.Api", "src\OrderSvc\Api\OrderSvc.Api.csproj", "{11111111-1111-1111-1111-111111111114}"
EndProject
Project("{9A19103F-16F7-4668-BE54-9A1E7A4F7556}") = "InventorySvc.Domain", "src\InventorySvc\Domain\InventorySvc.Domain.csproj", "{22222222-2222-2222-2222-222222222221}"
EndProject
Project("{9A19103F-16F7-4668-BE54-9A1E7A4F7556}") = "InventorySvc.Application", "src\InventorySvc\Application\InventorySvc.Application.csproj", "{22222222-2222-2222-2222-222222222222}"
EndProject
Project("{9A19103F-16F7-4668-BE54-9A1E7A4F7556}") = "InventorySvc.Infrastructure", "src\InventorySvc\Infrastructure\InventorySvc.Infrastructure.csproj", "{22222222-2222-2222-2222-222222222223}"
EndProject
Project("{9A19103F-16F7-4668-BE54-9A1E7A4F7556}") = "InventorySvc.Api", "src\InventorySvc\Api\InventorySvc.Api.csproj", "{22222222-2222-2222-2222-222222222224}"
EndProject
Project("{9A19103F-16F7-4668-BE54-9A1E7A4F7556}") = "PaymentSvc.Infrastructure", "src\PaymentSvc\Infrastructure\PaymentSvc.Infrastructure.csproj", "{33333333-3333-3333-3333-333333333331}"
EndProject
Project("{9A19103F-16F7-4668-BE54-9A1E7A4F7556}") = "PaymentSvc.Api", "src\PaymentSvc\Api\PaymentSvc.Api.csproj", "{33333333-3333-3333-3333-333333333332}"
EndProject
Project("{9A19103F-16F7-4668-BE54-9A1E7A4F7556}") = "ShippingSvc.Infrastructure", "src\ShippingSvc\Infrastructure\ShippingSvc.Infrastructure.csproj", "{44444444-4444-4444-4444-444444444441}"
EndProject
Project("{9A19103F-16F7-4668-BE54-9A1E7A4F7556}") = "ShippingSvc.Api", "src\ShippingSvc\Api\ShippingSvc.Api.csproj", "{44444444-4444-4444-4444-444444444442}"
EndProject
Project("{9A19103F-16F7-4668-BE54-9A1E7A4F7556}") = "NotificationSvc.Api", "src\NotificationSvc\Api\NotificationSvc.Api.csproj", "{55555555-5555-5555-5555-555555555551}"
EndProject
Project("{2150E333-8FDC-42A3-9474-1A3956D46DE8}") = "src", "src", "{827E0CD3-B72D-47B6-A68D-7590B98EB39B}"
EndProject
Project("{2150E333-8FDC-42A3-9474-1A3956D46DE8}") = "NotificationSvc", "NotificationSvc", "{28972A67-35A9-C862-B0EF-E0B975F467B5}"
EndProject
Project("{2150E333-8FDC-42A3-9474-1A3956D46DE8}") = "Infrastructure", "Infrastructure", "{973857BC-8F07-857E-4118-2C5217564F11}"
EndProject
Project("{FAE04EC0-301F-11D3-BF4B-00C04F79EFBC}") = "NotificationSvc.Infrastructure", "src\NotificationSvc\Infrastructure\NotificationSvc.Infrastructure.csproj", "{D218BA1F-89F7-4427-AB90-BBAABBCCCFD4}"
EndProject
Project("{2150E333-8FDC-42A3-9474-1A3956D46DE8}") = "ShippingSvc", "ShippingSvc", "{45D2F96C-B38D-629A-10C5-7108C62EA916}"
EndProject
Project("{2150E333-8FDC-42A3-9474-1A3956D46DE8}") = "Domain", "Domain", "{7028DBD3-A8F6-C7FD-BF37-ABDC8A88C54A}"
EndProject
Project("{FAE04EC0-301F-11D3-BF4B-00C04F79EFBC}") = "ShippingSvc.Domain", "src\ShippingSvc\Domain\ShippingSvc.Domain.csproj", "{2C288A71-6D19-4F19-9108-AD22A961736F}"
EndProject
Project("{2150E333-8FDC-42A3-9474-1A3956D46DE8}") = "Application", "Application", "{44FEB6A8-AD26-CD07-F7E2-886E671E67D3}"
EndProject
Project("{FAE04EC0-301F-11D3-BF4B-00C04F79EFBC}") = "ShippingSvc.Application", "src\ShippingSvc\Application\ShippingSvc.Application.csproj", "{9F44165F-636E-439F-8A9F-FF70701F43CE}"
EndProject
Global
	GlobalSection(SolutionConfigurationPlatforms) = preSolution
		Debug|Any CPU = Debug|Any CPU
		Debug|x64 = Debug|x64
		Debug|x86 = Debug|x86
		Release|Any CPU = Release|Any CPU
		Release|x64 = Release|x64
		Release|x86 = Release|x86
	EndGlobalSection
	GlobalSection(ProjectConfigurationPlatforms) = postSolution
		{99507BA0-BB0B-3FD9-D8E2-2AE9B409CB73}.Debug|Any CPU.ActiveCfg = Debug|Any CPU
		{99507BA0-BB0B-3FD9-D8E2-2AE9B409CB73}.Debug|Any CPU.Build.0 = Debug|Any CPU
		{99507BA0-BB0B-3FD9-D8E2-2AE9B409CB73}.Debug|x64.ActiveCfg = Debug|Any CPU
		{99507BA0-BB0B-3FD9-D8E2-2AE9B409CB73}.Debug|x64.Build.0 = Debug|Any CPU
		{99507BA0-BB0B-3FD9-D8E2-2AE9B409CB73}.Debug|x86.ActiveCfg = Debug|Any CPU
		{99507BA0-BB0B-3FD9-D8E2-2AE9B409CB73}.Debug|x86.Build.0 = Debug|Any CPU
		{99507BA0-BB0B-3FD9-D8E2-2AE9B409CB73}.Release|Any CPU.ActiveCfg = Release|Any CPU
		{99507BA0-BB0B-3FD9-D8E2-2AE9B409CB73}.Release|Any CPU.Build.0 = Release|Any CPU
		{99507BA0-BB0B-3FD9-D8E2-2AE9B409CB73}.Release|x64.ActiveCfg = Release|Any CPU
		{99507BA0-BB0B-3FD9-D8E2-2AE9B409CB73}.Release|x64.Build.0 = Release|Any CPU
		{99507BA0-BB0B-3FD9-D8E2-2AE9B409CB73}.Release|x86.ActiveCfg = Release|Any CPU
		{99507BA0-BB0B-3FD9-D8E2-2AE9B409CB73}.Release|x86.Build.0 = Release|Any CPU
		{11111111-1111-1111-1111-111111111111}.Debug|Any CPU.ActiveCfg = Debug|Any CPU
		{11111111-1111-1111-1111-111111111111}.Debug|Any CPU.Build.0 = Debug|Any CPU
		{11111111-1111-1111-1111-111111111111}.Debug|x64.ActiveCfg = Debug|Any CPU
		{11111111-1111-1111-1111-111111111111}.Debug|x64.Build.0 = Debug|Any CPU
		{11111111-1111-1111-1111-111111111111}.Debug|x86.ActiveCfg = Debug|Any CPU
		{11111111-1111-1111-1111-111111111111}.Debug|x86.Build.0 = Debug|Any CPU
		{11111111-1111-1111-1111-111111111111}.Release|Any CPU.ActiveCfg = Release|Any CPU
		{11111111-1111-1111-1111-111111111111}.Release|Any CPU.Build.0 = Release|Any CPU
		{11111111-1111-1111-1111-111111111111}.Release|x64.ActiveCfg = Release|Any CPU
		{11111111-1111-1111-1111-111111111111}.Release|x64.Build.0 = Release|Any CPU
		{11111111-1111-1111-1111-111111111111}.Release|x86.ActiveCfg = Release|Any CPU
		{11111111-1111-1111-1111-111111111111}.Release|x86.Build.0 = Release|Any CPU
		{11111111-1111-1111-1111-111111111112}.Debug|Any CPU.ActiveCfg = Debug|Any CPU
		{11111111-1111-1111-1111-111111111112}.Debug|Any CPU.Build.0 = Debug|Any CPU
		{11111111-1111-1111-1111-111111111112}.Debug|x64.ActiveCfg = Debug|Any CPU
		{11111111-1111-1111-1111-111111111112}.Debug|x64.Build.0 = Debug|Any CPU
		{11111111-1111-1111-1111-111111111112}.Debug|x86.ActiveCfg = Debug|Any CPU
		{11111111-1111-1111-1111-111111111112}.Debug|x86.Build.0 = Debug|Any CPU
		{11111111-1111-1111-1111-111111111112}.Release|Any CPU.ActiveCfg = Release|Any CPU
		{11111111-1111-1111-1111-111111111112}.Release|Any CPU.Build.0 = Release|Any CPU
		{11111111-1111-1111-1111-111111111112}.Release|x64.ActiveCfg = Release|Any CPU
		{11111111-1111-1111-1111-111111111112}.Release|x64.Build.0 = Release|Any CPU
		{11111111-1111-1111-1111-111111111112}.Release|x86.ActiveCfg = Release|Any CPU
		{11111111-1111-1111-1111-111111111112}.Release|x86.Build.0 = Release|Any CPU
		{11111111-1111-1111-1111-111111111113}.Debug|Any CPU.ActiveCfg = Debug|Any CPU
		{11111111-1111-1111-1111-111111111113}.Debug|Any CPU.Build.0 = Debug|Any CPU
		{11111111-1111-1111-1111-111111111113}.Debug|x64.ActiveCfg = Debug|Any CPU
		{11111111-1111-1111-1111-111111111113}.Debug|x64.Build.0 = Debug|Any CPU
		{11111111-1111-1111-1111-111111111113}.Debug|x86.ActiveCfg = Debug|Any CPU
		{11111111-1111-1111-1111-111111111113}.Debug|x86.Build.0 = Debug|Any CPU
		{11111111-1111-1111-1111-111111111113}.Release|Any CPU.ActiveCfg = Release|Any CPU
		{11111111-1111-1111-1111-111111111113}.Release|Any CPU.Build.0 = Release|Any CPU
		{11111111-1111-1111-1111-111111111113}.Release|x64.ActiveCfg = Release|Any CPU
		{11111111-1111-1111-1111-111111111113}.Release|x64.Build.0 = Release|Any CPU
		{11111111-1111-1111-1111-111111111113}.Release|x86.ActiveCfg = Release|Any CPU
		{11111111-1111-1111-1111-111111111113}.Release|x86.Build.0 = Release|Any CPU
		{11111111-1111-1111-1111-111111111114}.Debug|Any CPU.ActiveCfg = Debug|Any CPU
		{11111111-1111-1111-1111-111111111114}.Debug|Any CPU.Build.0 = Debug|Any CPU
		{11111111-1111-1111-1111-111111111114}.Debug|x64.ActiveCfg = Debug|Any CPU
		{11111111-1111-1111-1111-111111111114}.Debug|x64.Build.0 = Debug|Any CPU
		{11111111-1111-1111-1111-111111111114}.Debug|x86.ActiveCfg = Debug|Any CPU
		{11111111-1111-1111-1111-111111111114}.Debug|x86.Build.0 = Debug|Any CPU
		{11111111-1111-1111-1111-111111111114}.Release|Any CPU.ActiveCfg = Release|Any CPU
		{11111111-1111-1111-1111-111111111114}.Release|Any CPU.Build.0 = Release|Any CPU
		{11111111-1111-1111-1111-111111111114}.Release|x64.ActiveCfg = Release|Any CPU
		{11111111-1111-1111-1111-111111111114}.Release|x64.Build.0 = Release|Any CPU
		{11111111-1111-1111-1111-111111111114}.Release|x86.ActiveCfg = Release|Any CPU
		{11111111-1111-1111-1111-111111111114}.Release|x86.Build.0 = Release|Any CPU
		{22222222-2222-2222-2222-222222222221}.Debug|Any CPU.ActiveCfg = Debug|Any CPU
		{22222222-2222-2222-2222-222222222221}.Debug|Any CPU.Build.0 = Debug|Any CPU
		{22222222-2222-2222-2222-222222222221}.Debug|x64.ActiveCfg = Debug|Any CPU
		{22222222-2222-2222-2222-222222222221}.Debug|x64.Build.0 = Debug|Any CPU
		{22222222-2222-2222-2222-222222222221}.Debug|x86.ActiveCfg = Debug|Any CPU
		{22222222-2222-2222-2222-222222222221}.Debug|x86.Build.0 = Debug|Any CPU
		{22222222-2222-2222-2222-222222222221}.Release|Any CPU.ActiveCfg = Release|Any CPU
		{22222222-2222-2222-2222-222222222221}.Release|Any CPU.Build.0 = Release|Any CPU
		{22222222-2222-2222-2222-222222222221}.Release|x64.ActiveCfg = Release|Any CPU
		{22222222-2222-2222-2222-222222222221}.Release|x64.Build.0 = Release|Any CPU
		{22222222-2222-2222-2222-222222222221}.Release|x86.ActiveCfg = Release|Any CPU
		{22222222-2222-2222-2222-222222222221}.Release|x86.Build.0 = Release|Any CPU
		{22222222-2222-2222-2222-222222222222}.Debug|Any CPU.ActiveCfg = Debug|Any CPU
		{22222222-2222-2222-2222-222222222222}.Debug|Any CPU.Build.0 = Debug|Any CPU
		{22222222-2222-2222-2222-222222222222}.Debug|x64.ActiveCfg = Debug|Any CPU
		{22222222-2222-2222-2222-222222222222}.Debug|x64.Build.0 = Debug|Any CPU
		{22222222-2222-2222-2222-222222222222}.Debug|x86.ActiveCfg = Debug|Any CPU
		{22222222-2222-2222-2222-222222222222}.Debug|x86.Build.0 = Debug|Any CPU
		{22222222-2222-2222-2222-222222222222}.Release|Any CPU.ActiveCfg = Release|Any CPU
		{22222222-2222-2222-2222-222222222222}.Release|Any CPU.Build.0 = Release|Any CPU
		{22222222-2222-2222-2222-222222222222}.Release|x64.ActiveCfg = Release|Any CPU
		{22222222-2222-2222-2222-222222222222}.Release|x64.Build.0 = Release|Any CPU
		{22222222-2222-2222-2222-222222222222}.Release|x86.ActiveCfg = Release|Any CPU
		{22222222-2222-2222-2222-222222222222}.Release|x86.Build.0 = Release|Any CPU
		{22222222-2222-2222-2222-222222222223}.Debug|Any CPU.ActiveCfg = Debug|Any CPU
		{22222222-2222-2222-2222-222222222223}.Debug|Any CPU.Build.0 = Debug|Any CPU
		{22222222-2222-2222-2222-222222222223}.Debug|x64.ActiveCfg = Debug|Any CPU
		{22222222-2222-2222-2222-222222222223}.Debug|x64.Build.0 = Debug|Any CPU
		{22222222-2222-2222-2222-222222222223}.Debug|x86.ActiveCfg = Debug|Any CPU
		{22222222-2222-2222-2222-222222222223}.Debug|x86.Build.0 = Debug|Any CPU
		{22222222-2222-2222-2222-222222222223}.Release|Any CPU.ActiveCfg = Release|Any CPU
		{22222222-2222-2222-2222-222222222223}.Release|Any CPU.Build.0 = Release|Any CPU
		{22222222-2222-2222-2222-222222222223}.Release|x64.ActiveCfg = Release|Any CPU
		{22222222-2222-2222-2222-222222222223}.Release|x64.Build.0 = Release|Any CPU
		{22222222-2222-2222-2222-222222222223}.Release|x86.ActiveCfg = Release|Any CPU
		{22222222-2222-2222-2222-222222222223}.Release|x86.Build.0 = Release|Any CPU
		{22222222-2222-2222-2222-222222222224}.Debug|Any CPU.ActiveCfg = Debug|Any CPU
		{22222222-2222-2222-2222-222222222224}.Debug|Any CPU.Build.0 = Debug|Any CPU
		{22222222-2222-2222-2222-222222222224}.Debug|x64.ActiveCfg = Debug|Any CPU
		{22222222-2222-2222-2222-222222222224}.Debug|x64.Build.0 = Debug|Any CPU
		{22222222-2222-2222-2222-222222222224}.Debug|x86.ActiveCfg = Debug|Any CPU
		{22222222-2222-2222-2222-222222222224}.Debug|x86.Build.0 = Debug|Any CPU
		{22222222-2222-2222-2222-222222222224}.Release|Any CPU.ActiveCfg = Release|Any CPU
		{22222222-2222-2222-2222-222222222224}.Release|Any CPU.Build.0 = Release|Any CPU
		{22222222-2222-2222-2222-222222222224}.Release|x64.ActiveCfg = Release|Any CPU
		{22222222-2222-2222-2222-222222222224}.Release|x64.Build.0 = Release|Any CPU
		{22222222-2222-2222-2222-222222222224}.Release|x86.ActiveCfg = Release|Any CPU
		{22222222-2222-2222-2222-222222222224}.Release|x86.Build.0 = Release|Any CPU
		{33333333-3333-3333-3333-333333333331}.Debug|Any CPU.ActiveCfg = Debug|Any CPU
		{33333333-3333-3333-3333-333333333331}.Debug|Any CPU.Build.0 = Debug|Any CPU
		{33333333-3333-3333-3333-333333333331}.Debug|x64.ActiveCfg = Debug|Any CPU
		{33333333-3333-3333-3333-333333333331}.Debug|x64.Build.0 = Debug|Any CPU
		{33333333-3333-3333-3333-333333333331}.Debug|x86.ActiveCfg = Debug|Any CPU
		{33333333-3333-3333-3333-333333333331}.Debug|x86.Build.0 = Debug|Any CPU
		{33333333-3333-3333-3333-333333333331}.Release|Any CPU.ActiveCfg = Release|Any CPU
		{33333333-3333-3333-3333-333333333331}.Release|Any CPU.Build.0 = Release|Any CPU
		{33333333-3333-3333-3333-333333333331}.Release|x64.ActiveCfg = Release|Any CPU
		{33333333-3333-3333-3333-333333333331}.Release|x64.Build.0 = Release|Any CPU
		{33333333-3333-3333-3333-333333333331}.Release|x86.ActiveCfg = Release|Any CPU
		{33333333-3333-3333-3333-333333333331}.Release|x86.Build.0 = Release|Any CPU
		{33333333-3333-3333-3333-333333333332}.Debug|Any CPU.ActiveCfg = Debug|Any CPU
		{33333333-3333-3333-3333-333333333332}.Debug|Any CPU.Build.0 = Debug|Any CPU
		{33333333-3333-3333-3333-333333333332}.Debug|x64.ActiveCfg = Debug|Any CPU
		{33333333-3333-3333-3333-333333333332}.Debug|x64.Build.0 = Debug|Any CPU
		{33333333-3333-3333-3333-333333333332}.Debug|x86.ActiveCfg = Debug|Any CPU
		{33333333-3333-3333-3333-333333333332}.Debug|x86.Build.0 = Debug|Any CPU
		{33333333-3333-3333-3333-333333333332}.Release|Any CPU.ActiveCfg = Release|Any CPU
		{33333333-3333-3333-3333-333333333332}.Release|Any CPU.Build.0 = Release|Any CPU
		{33333333-3333-3333-3333-333333333332}.Release|x64.ActiveCfg = Release|Any CPU
		{33333333-3333-3333-3333-333333333332}.Release|x64.Build.0 = Release|Any CPU
		{33333333-3333-3333-3333-333333333332}.Release|x86.ActiveCfg = Release|Any CPU
		{33333333-3333-3333-3333-333333333332}.Release|x86.Build.0 = Release|Any CPU
		{44444444-4444-4444-4444-444444444441}.Debug|Any CPU.ActiveCfg = Debug|Any CPU
		{44444444-4444-4444-4444-444444444441}.Debug|Any CPU.Build.0 = Debug|Any CPU
		{44444444-4444-4444-4444-444444444441}.Debug|x64.ActiveCfg = Debug|Any CPU
		{44444444-4444-4444-4444-444444444441}.Debug|x64.Build.0 = Debug|Any CPU
		{44444444-4444-4444-4444-444444444441}.Debug|x86.ActiveCfg = Debug|Any CPU
		{44444444-4444-4444-4444-444444444441}.Debug|x86.Build.0 = Debug|Any CPU
		{44444444-4444-4444-4444-444444444441}.Release|Any CPU.ActiveCfg = Release|Any CPU
		{44444444-4444-4444-4444-444444444441}.Release|Any CPU.Build.0 = Release|Any CPU
		{44444444-4444-4444-4444-444444444441}.Release|x64.ActiveCfg = Release|Any CPU
		{44444444-4444-4444-4444-444444444441}.Release|x64.Build.0 = Release|Any CPU
		{44444444-4444-4444-4444-444444444441}.Release|x86.ActiveCfg = Release|Any CPU
		{44444444-4444-4444-4444-444444444441}.Release|x86.Build.0 = Release|Any CPU
		{44444444-4444-4444-4444-444444444442}.Debug|Any CPU.ActiveCfg = Debug|Any CPU
		{44444444-4444-4444-4444-444444444442}.Debug|Any CPU.Build.0 = Debug|Any CPU
		{44444444-4444-4444-4444-444444444442}.Debug|x64.ActiveCfg = Debug|Any CPU
		{44444444-4444-4444-4444-444444444442}.Debug|x64.Build.0 = Debug|Any CPU
		{44444444-4444-4444-4444-444444444442}.Debug|x86.ActiveCfg = Debug|Any CPU
		{44444444-4444-4444-4444-444444444442}.Debug|x86.Build.0 = Debug|Any CPU
		{44444444-4444-4444-4444-444444444442}.Release|Any CPU.ActiveCfg = Release|Any CPU
		{44444444-4444-4444-4444-444444444442}.Release|Any CPU.Build.0 = Release|Any CPU
		{44444444-4444-4444-4444-444444444442}.Release|x64.ActiveCfg = Release|Any CPU
		{44444444-4444-4444-4444-444444444442}.Release|x64.Build.0 = Release|Any CPU
		{44444444-4444-4444-4444-444444444442}.Release|x86.ActiveCfg = Release|Any CPU
		{44444444-4444-4444-4444-444444444442}.Release|x86.Build.0 = Release|Any CPU
		{55555555-5555-5555-5555-555555555551}.Debug|Any CPU.ActiveCfg = Debug|Any CPU
		{55555555-5555-5555-5555-555555555551}.Debug|Any CPU.Build.0 = Debug|Any CPU
		{55555555-5555-5555-5555-555555555551}.Debug|x64.ActiveCfg = Debug|Any CPU
		{55555555-5555-5555-5555-555555555551}.Debug|x64.Build.0 = Debug|Any CPU
		{55555555-5555-5555-5555-555555555551}.Debug|x86.ActiveCfg = Debug|Any CPU
		{55555555-5555-5555-5555-555555555551}.Debug|x86.Build.0 = Debug|Any CPU
		{55555555-5555-5555-5555-555555555551}.Release|Any CPU.ActiveCfg = Release|Any CPU
		{55555555-5555-5555-5555-555555555551}.Release|Any CPU.Build.0 = Release|Any CPU
		{55555555-5555-5555-5555-555555555551}.Release|x64.ActiveCfg = Release|Any CPU
		{55555555-5555-5555-5555-555555555551}.Release|x64.Build.0 = Release|Any CPU
		{55555555-5555-5555-5555-555555555551}.Release|x86.ActiveCfg = Release|Any CPU
		{55555555-5555-5555-5555-555555555551}.Release|x86.Build.0 = Release|Any CPU
		{D218BA1F-89F7-4427-AB90-BBAABBCCCFD4}.Debug|Any CPU.ActiveCfg = Debug|Any CPU
		{D218BA1F-89F7-4427-AB90-BBAABBCCCFD4}.Debug|Any CPU.Build.0 = Debug|Any CPU
		{D218BA1F-89F7-4427-AB90-BBAABBCCCFD4}.Debug|x64.ActiveCfg = Debug|Any CPU
		{D218BA1F-89F7-4427-AB90-BBAABBCCCFD4}.Debug|x64.Build.0 = Debug|Any CPU
		{D218BA1F-89F7-4427-AB90-BBAABBCCCFD4}.Debug|x86.ActiveCfg = Debug|Any CPU
		{D218BA1F-89F7-4427-AB90-BBAABBCCCFD4}.Debug|x86.Build.0 = Debug|Any CPU
		{D218BA1F-89F7-4427-AB90-BBAABBCCCFD4}.Release|Any CPU.ActiveCfg = Release|Any CPU
		{D218BA1F-89F7-4427-AB90-BBAABBCCCFD4}.Release|Any CPU.Build.0 = Release|Any CPU
		{D218BA1F-89F7-4427-AB90-BBAABBCCCFD4}.Release|x64.ActiveCfg = Release|Any CPU
		{D218BA1F-89F7-4427-AB90-BBAABBCCCFD4}.Release|x64.Build.0 = Release|Any CPU
		{D218BA1F-89F7-4427-AB90-BBAABBCCCFD4}.Release|x86.ActiveCfg = Release|Any CPU
		{D218BA1F-89F7-4427-AB90-BBAABBCCCFD4}.Release|x86.Build.0 = Release|Any CPU
		{2C288A71-6D19-4F19-9108-AD22A961736F}.Debug|Any CPU.ActiveCfg = Debug|Any CPU
		{2C288A71-6D19-4F19-9108-AD22A961736F}.Debug|Any CPU.Build.0 = Debug|Any CPU
		{2C288A71-6D19-4F19-9108-AD22A961736F}.Debug|x64.ActiveCfg = Debug|Any CPU
		{2C288A71-6D19-4F19-9108-AD22A961736F}.Debug|x64.Build.0 = Debug|Any CPU
		{2C288A71-6D19-4F19-9108-AD22A961736F}.Debug|x86.ActiveCfg = Debug|Any CPU
		{2C288A71-6D19-4F19-9108-AD22A961736F}.Debug|x86.Build.0 = Debug|Any CPU
		{2C288A71-6D19-4F19-9108-AD22A961736F}.Release|Any CPU.ActiveCfg = Release|Any CPU
		{2C288A71-6D19-4F19-9108-AD22A961736F}.Release|Any CPU.Build.0 = Release|Any CPU
		{2C288A71-6D19-4F19-9108-AD22A961736F}.Release|x64.ActiveCfg = Release|Any CPU
		{2C288A71-6D19-4F19-9108-AD22A961736F}.Release|x64.Build.0 = Release|Any CPU
		{2C288A71-6D19-4F19-9108-AD22A961736F}.Release|x86.ActiveCfg = Release|Any CPU
		{2C288A71-6D19-4F19-9108-AD22A961736F}.Release|x86.Build.0 = Release|Any CPU
		{9F44165F-636E-439F-8A9F-FF70701F43CE}.Debug|Any CPU.ActiveCfg = Debug|Any CPU
		{9F44165F-636E-439F-8A9F-FF70701F43CE}.Debug|Any CPU.Build.0 = Debug|Any CPU
		{9F44165F-636E-439F-8A9F-FF70701F43CE}.Debug|x64.ActiveCfg = Debug|Any CPU
		{9F44165F-636E-439F-8A9F-FF70701F43CE}.Debug|x64.Build.0 = Debug|Any CPU
		{9F44165F-636E-439F-8A9F-FF70701F43CE}.Debug|x86.ActiveCfg = Debug|Any CPU
		{9F44165F-636E-439F-8A9F-FF70701F43CE}.Debug|x86.Build.0 = Debug|Any CPU
		{9F44165F-636E-439F-8A9F-FF70701F43CE}.Release|Any CPU.ActiveCfg = Release|Any CPU
		{9F44165F-636E-439F-8A9F-FF70701F43CE}.Release|Any CPU.Build.0 = Release|Any CPU
		{9F44165F-636E-439F-8A9F-FF70701F43CE}.Release|x64.ActiveCfg = Release|Any CPU
		{9F44165F-636E-439F-8A9F-FF70701F43CE}.Release|x64.Build.0 = Release|Any CPU
		{9F44165F-636E-439F-8A9F-FF70701F43CE}.Release|x86.ActiveCfg = Release|Any CPU
		{9F44165F-636E-439F-8A9F-FF70701F43CE}.Release|x86.Build.0 = Release|Any CPU
	EndGlobalSection
	GlobalSection(SolutionProperties) = preSolution
		HideSolutionNode = FALSE
	EndGlobalSection
	GlobalSection(NestedProjects) = preSolution
		{28972A67-35A9-C862-B0EF-E0B975F467B5} = {827E0CD3-B72D-47B6-A68D-7590B98EB39B}
		{973857BC-8F07-857E-4118-2C5217564F11} = {28972A67-35A9-C862-B0EF-E0B975F467B5}
		{D218BA1F-89F7-4427-AB90-BBAABBCCCFD4} = {973857BC-8F07-857E-4118-2C5217564F11}
		{45D2F96C-B38D-629A-10C5-7108C62EA916} = {827E0CD3-B72D-47B6-A68D-7590B98EB39B}
		{7028DBD3-A8F6-C7FD-BF37-ABDC8A88C54A} = {45D2F96C-B38D-629A-10C5-7108C62EA916}
		{2C288A71-6D19-4F19-9108-AD22A961736F} = {7028DBD3-A8F6-C7FD-BF37-ABDC8A88C54A}
		{44FEB6A8-AD26-CD07-F7E2-886E671E67D3} = {45D2F96C-B38D-629A-10C5-7108C62EA916}
		{9F44165F-636E-439F-8A9F-FF70701F43CE} = {44FEB6A8-AD26-CD07-F7E2-886E671E67D3}
	EndGlobalSection
EndGlobal
